
Microsoft Visual Studio Solution File, Format Version 12.00
# Visual Studio Version 17
VisualStudioVersion = 17.0.31903.59
MinimumVisualStudioVersion = 10.0.40219.1
Project("{2150E333-8FDC-42A3-9474-1A3956D46DE8}") = "src", "src", "{827E0CD3-B72D-47B6-A68D-7590B98EB39B}"
	ProjectSection(SolutionItems) = preProject
		.gitignore = .gitignore
	EndProjectSection
EndProject
Project("{FAE04EC0-301F-11D3-BF4B-00C04F79EFBC}") = "appointly.API", "src\appointly.API\appointly.API.csproj", "{F8E5CC8E-AC34-4262-AAD4-FDBD169C13E0}"
EndProject
Project("{FAE04EC0-301F-11D3-BF4B-00C04F79EFBC}") = "appointly.BLL", "src\appointly.BLL\appointly.BLL.csproj", "{55E16E82-6304-4BE3-B17E-7B4619EF3632}"
EndProject
Project("{FAE04EC0-301F-11D3-BF4B-00C04F79EFBC}") = "appointly.DAL", "src\appointly.DAL\appointly.DAL.csproj", "{A22069E2-69AC-437D-8727-0794B33A5D31}"
EndProject
Project("{2150E333-8FDC-42A3-9474-1A3956D46DE8}") = "tests", "tests", "{0AB3BF05-4346-4AA6-1389-037BE0695223}"
EndProject
Global
	GlobalSection(SolutionConfigurationPlatforms) = preSolution
		Debug|Any CPU = Debug|Any CPU
		Release|Any CPU = Release|Any CPU
	EndGlobalSection
	GlobalSection(ProjectConfigurationPlatforms) = postSolution
		{F8E5CC8E-AC34-4262-AAD4-FDBD169C13E0}.Debug|Any CPU.ActiveCfg = Debug|Any CPU
		{F8E5CC8E-AC34-4262-AAD4-FDBD169C13E0}.Debug|Any CPU.Build.0 = Debug|Any CPU
		{F8E5CC8E-AC34-4262-AAD4-FDBD169C13E0}.Release|Any CPU.ActiveCfg = Release|Any CPU
		{F8E5CC8E-AC34-4262-AAD4-FDBD169C13E0}.Release|Any CPU.Build.0 = Release|Any CPU
		{55E16E82-6304-4BE3-B17E-7B4619EF3632}.Debug|Any CPU.ActiveCfg = Debug|Any CPU
		{55E16E82-6304-4BE3-B17E-7B4619EF3632}.Debug|Any CPU.Build.0 = Debug|Any CPU
		{55E16E82-6304-4BE3-B17E-7B4619EF3632}.Release|Any CPU.ActiveCfg = Release|Any CPU
		{55E16E82-6304-4BE3-B17E-7B4619EF3632}.Release|Any CPU.Build.0 = Release|Any CPU
		{A22069E2-69AC-437D-8727-0794B33A5D31}.Debug|Any CPU.ActiveCfg = Debug|Any CPU
		{A22069E2-69AC-437D-8727-0794B33A5D31}.Debug|Any CPU.Build.0 = Debug|Any CPU
		{A22069E2-69AC-437D-8727-0794B33A5D31}.Release|Any CPU.ActiveCfg = Release|Any CPU
		{A22069E2-69AC-437D-8727-0794B33A5D31}.Release|Any CPU.Build.0 = Release|Any CPU
	EndGlobalSection
	GlobalSection(SolutionProperties) = preSolution
		HideSolutionNode = FALSE
	EndGlobalSection
	GlobalSection(NestedProjects) = preSolution
		{F8E5CC8E-AC34-4262-AAD4-FDBD169C13E0} = {827E0CD3-B72D-47B6-A68D-7590B98EB39B}
		{55E16E82-6304-4BE3-B17E-7B4619EF3632} = {827E0CD3-B72D-47B6-A68D-7590B98EB39B}
		{A22069E2-69AC-437D-8727-0794B33A5D31} = {827E0CD3-B72D-47B6-A68D-7590B98EB39B}
	EndGlobalSection
EndGlobal
